// !$*UTF8*$!
{
	archiveVersion = 1;
	classes = {
	};
	objectVersion = 56;
	objects = {

/* Begin PBXBuildFile section */
		AB0001000000000000000030 /* AirPlayDropApp.swift in Sources */ = {isa = PBXBuildFile; fileRef = AB0001000000000000000010 /* AirPlayDropApp.swift */; };
		AB0001000000000000000031 /* MainWindowView.swift in Sources */ = {isa = PBXBuildFile; fileRef = AB0001000000000000000011 /* MainWindowView.swift */; };
		AB0001000000000000000032 /* DropZoneView.swift in Sources */ = {isa = PBXBuildFile; fileRef = AB0001000000000000000012 /* DropZoneView.swift */; };
		AB0001000000000000000033 /* PlaylistView.swift in Sources */ = {isa = PBXBuildFile; fileRef = AB0001000000000000000013 /* PlaylistView.swift */; };
		AB0001000000000000000034 /* PlaybackControlsView.swift in Sources */ = {isa = PBXBuildFile; fileRef = AB0001000000000000000014 /* PlaybackControlsView.swift */; };
		AB0001000000000000000035 /* PlayerContainerView.swift in Sources */ = {isa = PBXBuildFile; fileRef = AB0001000000000000000015 /* PlayerContainerView.swift */; };
		AB0001000000000000000036 /* RoutePickerRepresentable.swift in Sources */ = {isa = PBXBuildFile; fileRef = AB0001000000000000000016 /* RoutePickerRepresentable.swift */; };
		AB0001000000000000000037 /* MediaItem.swift in Sources */ = {isa = PBXBuildFile; fileRef = AB0001000000000000000017 /* MediaItem.swift */; };
		AB0001000000000000000038 /* MediaItemState.swift in Sources */ = {isa = PBXBuildFile; fileRef = AB0001000000000000000018 /* MediaItemState.swift */; };
		AB0001000000000000000039 /* PlaylistStore.swift in Sources */ = {isa = PBXBuildFile; fileRef = AB0001000000000000000019 /* PlaylistStore.swift */; };
		AB0001000000000000000040 /* PlaybackController.swift in Sources */ = {isa = PBXBuildFile; fileRef = AB0001000000000000000020 /* PlaybackController.swift */; };
		AB0001000000000000000041 /* FileImportService.swift in Sources */ = {isa = PBXBuildFile; fileRef = AB0001000000000000000021 /* FileImportService.swift */; };
		AB0001000000000000000042 /* MetadataLoader.swift in Sources */ = {isa = PBXBuildFile; fileRef = AB0001000000000000000022 /* MetadataLoader.swift */; };
		AB0001000000000000000043 /* Assets.xcassets in Resources */ = {isa = PBXBuildFile; fileRef = AB0001000000000000000023 /* Assets.xcassets */; };
		AB0001000000000000000044 /* AVKit.framework in Frameworks */ = {isa = PBXBuildFile; fileRef = AB0001000000000000000026 /* AVKit.framework */; };
		AB0001000000000000000045 /* AVFoundation.framework in Frameworks */ = {isa = PBXBuildFile; fileRef = AB0001000000000000000027 /* AVFoundation.framework */; };
/* End PBXBuildFile section */

/* Begin PBXFileReference section */
		AB0001000000000000000001 /* AirPlayDrop.app */ = {isa = PBXFileReference; explicitFileType = wrapper.application; includeInIndex = 0; path = AirPlayDrop.app; sourceTree = BUILT_PRODUCTS_DIR; };
		AB0001000000000000000010 /* AirPlayDropApp.swift */ = {isa = PBXFileReference; lastKnownFileType = sourcecode.swift; path = AirPlayDropApp.swift; sourceTree = "<group>"; };
		AB0001000000000000000011 /* MainWindowView.swift */ = {isa = PBXFileReference; lastKnownFileType = sourcecode.swift; path = MainWindowView.swift; sourceTree = "<group>"; };
		AB0001000000000000000012 /* DropZoneView.swift */ = {isa = PBXFileReference; lastKnownFileType = sourcecode.swift; path = DropZoneView.swift; sourceTree = "<group>"; };
		AB0001000000000000000013 /* PlaylistView.swift */ = {isa = PBXFileReference; lastKnownFileType = sourcecode.swift; path = PlaylistView.swift; sourceTree = "<group>"; };
		AB0001000000000000000014 /* PlaybackControlsView.swift */ = {isa = PBXFileReference; lastKnownFileType = sourcecode.swift; path = PlaybackControlsView.swift; sourceTree = "<group>"; };
		AB0001000000000000000015 /* PlayerContainerView.swift */ = {isa = PBXFileReference; lastKnownFileType = sourcecode.swift; path = PlayerContainerView.swift; sourceTree = "<group>"; };
		AB0001000000000000000016 /* RoutePickerRepresentable.swift */ = {isa = PBXFileReference; lastKnownFileType = sourcecode.swift; path = RoutePickerRepresentable.swift; sourceTree = "<group>"; };
		AB0001000000000000000017 /* MediaItem.swift */ = {isa = PBXFileReference; lastKnownFileType = sourcecode.swift; path = MediaItem.swift; sourceTree = "<group>"; };
		AB0001000000000000000018 /* MediaItemState.swift */ = {isa = PBXFileReference; lastKnownFileType = sourcecode.swift; path = MediaItemState.swift; sourceTree = "<group>"; };
		AB0001000000000000000019 /* PlaylistStore.swift */ = {isa = PBXFileReference; lastKnownFileType = sourcecode.swift; path = PlaylistStore.swift; sourceTree = "<group>"; };
		AB0001000000000000000020 /* PlaybackController.swift */ = {isa = PBXFileReference; lastKnownFileType = sourcecode.swift; path = PlaybackController.swift; sourceTree = "<group>"; };
		AB0001000000000000000021 /* FileImportService.swift */ = {isa = PBXFileReference; lastKnownFileType = sourcecode.swift; path = FileImportService.swift; sourceTree = "<group>"; };
		AB0001000000000000000022 /* MetadataLoader.swift */ = {isa = PBXFileReference; lastKnownFileType = sourcecode.swift; path = MetadataLoader.swift; sourceTree = "<group>"; };
		AB0001000000000000000023 /* Assets.xcassets */ = {isa = PBXFileReference; lastKnownFileType = folder.assetcatalog; path = Assets.xcassets; sourceTree = "<group>"; };
		AB0001000000000000000024 /* AirPlayDrop.entitlements */ = {isa = PBXFileReference; lastKnownFileType = text.plist.entitlements; path = AirPlayDrop.entitlements; sourceTree = "<group>"; };
		AB0001000000000000000026 /* AVKit.framework */ = {isa = PBXFileReference; lastKnownFileType = wrapper.framework; name = AVKit.framework; path = System/Library/Frameworks/AVKit.framework; sourceTree = SDKROOT; };
		AB0001000000000000000027 /* AVFoundation.framework */ = {isa = PBXFileReference; lastKnownFileType = wrapper.framework; name = AVFoundation.framework; path = System/Library/Frameworks/AVFoundation.framework; sourceTree = SDKROOT; };
/* End PBXFileReference section */

/* Begin PBXFrameworksBuildPhase section */
		AB0001000000000000000051 /* Frameworks */ = {
			isa = PBXFrameworksBuildPhase;
			buildActionMask = 2147483647;
			files = (
				AB0001000000000000000044 /* AVKit.framework in Frameworks */,
				AB0001000000000000000045 /* AVFoundation.framework in Frameworks */,
			);
			runOnlyForDeploymentPostprocessing = 0;
		};
/* End PBXFrameworksBuildPhase section */

/* Begin PBXGroup section */
		AB0001000000000000000002 /* AirPlayDrop */ = {
			isa = PBXGroup;
			children = (
				AB0001000000000000000010 /* AirPlayDropApp.swift */,
				AB0001000000000000000011 /* MainWindowView.swift */,
				AB0001000000000000000003 /* Views */,
				AB0001000000000000000004 /* Models */,
				AB0001000000000000000005 /* Services */,
				AB0001000000000000000023 /* Assets.xcassets */,
				AB0001000000000000000024 /* AirPlayDrop.entitlements */,
			);
			path = AirPlayDrop;
			sourceTree = "<group>";
		};
		AB0001000000000000000003 /* Views */ = {
			isa = PBXGroup;
			children = (
				AB0001000000000000000012 /* DropZoneView.swift */,
				AB0001000000000000000013 /* PlaylistView.swift */,
				AB0001000000000000000014 /* PlaybackControlsView.swift */,
				AB0001000000000000000015 /* PlayerContainerView.swift */,
				AB0001000000000000000016 /* RoutePickerRepresentable.swift */,
			);
			path = Views;
			sourceTree = "<group>";
		};
		AB0001000000000000000004 /* Models */ = {
			isa = PBXGroup;
			children = (
				AB0001000000000000000017 /* MediaItem.swift */,
				AB0001000000000000000018 /* MediaItemState.swift */,
				AB0001000000000000000019 /* PlaylistStore.swift */,
			);
			path = Models;
			sourceTree = "<group>";
		};
		AB0001000000000000000005 /* Services */ = {
			isa = PBXGroup;
			children = (
				AB0001000000000000000020 /* PlaybackController.swift */,
				AB0001000000000000000021 /* FileImportService.swift */,
				AB0001000000000000000022 /* MetadataLoader.swift */,
			);
			path = Services;
			sourceTree = "<group>";
		};
		AB0001000000000000000006 /* Products */ = {
			isa = PBXGroup;
			children = (
				AB0001000000000000000001 /* AirPlayDrop.app */,
			);
			name = Products;
			sourceTree = "<group>";
		};
		AB0001000000000000000007 /* Frameworks */ = {
			isa = PBXGroup;
			children = (
				AB0001000000000000000026 /* AVKit.framework */,
				AB0001000000000000000027 /* AVFoundation.framework */,
			);
			name = Frameworks;
			sourceTree = "<group>";
		};
		AB0001000000000000000008 /* MainGroup */ = {
			isa = PBXGroup;
			children = (
				AB0001000000000000000002 /* AirPlayDrop */,
				AB0001000000000000000007 /* Frameworks */,
				AB0001000000000000000006 /* Products */,
			);
			sourceTree = "<group>";
		};
/* End PBXGroup section */

/* Begin PBXNativeTarget section */
		AB0001000000000000000080 /* AirPlayDrop */ = {
			isa = PBXNativeTarget;
			buildConfigurationList = AB0001000000000000000074 /* Build configuration list for PBXNativeTarget "AirPlayDrop" */;
			buildPhases = (
				AB0001000000000000000050 /* Sources */,
				AB0001000000000000000051 /* Frameworks */,
				AB0001000000000000000052 /* Resources */,
			);
			buildRules = (
			);
			dependencies = (
			);
			name = AirPlayDrop;
			productName = AirPlayDrop;
			productReference = AB0001000000000000000001 /* AirPlayDrop.app */;
			productType = "com.apple.product-type.application";
		};
/* End PBXNativeTarget section */

/* Begin PBXProject section */
		AB0001000000000000000090 /* Project object */ = {
			isa = PBXProject;
			attributes = {
				BuildIndependentTargetsInParallel = 1;
				LastSwiftUpdateCheck = 1500;
				LastUpgradeCheck = 1500;
				TargetAttributes = {
					AB0001000000000000000080 = {
						CreatedOnToolsVersion = 15.0;
					};
				};
			};
			buildConfigurationList = AB0001000000000000000075 /* Build configuration list for PBXProject "AirPlayDrop" */;
			compatibilityVersion = "Xcode 14.0";
			developmentRegion = en;
			hasScannedForEncodings = 0;
			knownRegions = (
				en,
				Base,
			);
			mainGroup = AB0001000000000000000008 /* MainGroup */;
			productRefGroup = AB0001000000000000000006 /* Products */;
			projectDirPath = "";
			projectRoot = "";
			targets = (
				AB0001000000000000000080 /* AirPlayDrop */,
			);
		};
/* End PBXProject section */

/* Begin PBXResourcesBuildPhase section */
		AB0001000000000000000052 /* Resources */ = {
			isa = PBXResourcesBuildPhase;
			buildActionMask = 2147483647;
			files = (
				AB0001000000000000000043 /* Assets.xcassets in Resources */,
			);
			runOnlyForDeploymentPostprocessing = 0;
		};
/* End PBXResourcesBuildPhase section */

/* Begin PBXSourcesBuildPhase section */
		AB0001000000000000000050 /* Sources */ = {
			isa = PBXSourcesBuildPhase;
			buildActionMask = 2147483647;
			files = (
				AB0001000000000000000030 /* AirPlayDropApp.swift in Sources */,
				AB0001000000000000000031 /* MainWindowView.swift in Sources */,
				AB0001000000000000000032 /* DropZoneView.swift in Sources */,
				AB0001000000000000000033 /* PlaylistView.swift in Sources */,
				AB0001000000000000000034 /* PlaybackControlsView.swift in Sources */,
				AB0001000000000000000035 /* PlayerContainerView.swift in Sources */,
				AB0001000000000000000036 /* RoutePickerRepresentable.swift in Sources */,
				AB0001000000000000000037 /* MediaItem.swift in Sources */,
				AB0001000000000000000038 /* MediaItemState.swift in Sources */,
				AB0001000000000000000039 /* PlaylistStore.swift in Sources */,
				AB0001000000000000000040 /* PlaybackController.swift in Sources */,
				AB0001000000000000000041 /* FileImportService.swift in Sources */,
				AB0001000000000000000042 /* MetadataLoader.swift in Sources */,
			);
			runOnlyForDeploymentPostprocessing = 0;
		};
/* End PBXSourcesBuildPhase section */

/* Begin XCBuildConfiguration section */
		AB0001000000000000000060 /* Debug */ = {
			isa = XCBuildConfiguration;
			buildSettings = {
				ASSETCATALOG_COMPILER_APPICON_NAME = AppIcon;
				CODE_SIGN_ENTITLEMENTS = AirPlayDrop/AirPlayDrop.entitlements;
				CODE_SIGN_STYLE = Automatic;
				COMBINE_HIDPI_IMAGES = YES;
				CURRENT_PROJECT_VERSION = 1;
				GENERATE_INFOPLIST_FILE = YES;
				INFOPLIST_KEY_NSHumanReadableCopyright = "";
				INFOPLIST_KEY_NSPrincipalClass = NSApplication;
				LD_RUNPATH_SEARCH_PATHS = (
					"$(inherited)",
					"@executable_path/../Frameworks",
				);
				MACOSX_DEPLOYMENT_TARGET = 14.0;
				MARKETING_VERSION = 1.0;
				PRODUCT_BUNDLE_IDENTIFIER = com.airplaydrop.AirPlayDrop;
				PRODUCT_NAME = "$(TARGET_NAME)";
				SWIFT_EMIT_LOC_STRINGS = YES;
				SWIFT_VERSION = 5.9;
				SWIFT_OPTIMIZATION_LEVEL = "-Onone";
			};
			name = Debug;
		};
		AB0001000000000000000061 /* Release */ = {
			isa = XCBuildConfiguration;
			buildSettings = {
				ASSETCATALOG_COMPILER_APPICON_NAME = AppIcon;
				CODE_SIGN_ENTITLEMENTS = AirPlayDrop/AirPlayDrop.entitlements;
				CODE_SIGN_STYLE = Automatic;
				COMBINE_HIDPI_IMAGES = YES;
				CURRENT_PROJECT_VERSION = 1;
				GENERATE_INFOPLIST_FILE = YES;
				INFOPLIST_KEY_NSHumanReadableCopyright = "";
				INFOPLIST_KEY_NSPrincipalClass = NSApplication;
				LD_RUNPATH_SEARCH_PATHS = (
					"$(inherited)",
					"@executable_path/../Frameworks",
				);
				MACOSX_DEPLOYMENT_TARGET = 14.0;
				MARKETING_VERSION = 1.0;
				PRODUCT_BUNDLE_IDENTIFIER = com.airplaydrop.AirPlayDrop;
				PRODUCT_NAME = "$(TARGET_NAME)";
				SWIFT_EMIT_LOC_STRINGS = YES;
				SWIFT_VERSION = 5.9;
			};
			name = Release;
		};
		AB0001000000000000000062 /* Debug */ = {
			isa = XCBuildConfiguration;
			buildSettings = {
				ALWAYS_SEARCH_USER_PATHS = NO;
				CLANG_ANALYZER_NONNULL = YES;
				CLANG_ANALYZER_NUMBER_OBJECT_CONVERSION = YES_AGGRESSIVE;
				CLANG_CXX_LANGUAGE_STANDARD = "gnu++20";
				CLANG_ENABLE_MODULES = YES;
				CLANG_ENABLE_OBJC_ARC = YES;
				CLANG_ENABLE_OBJC_WEAK = YES;
				CLANG_WARN_BLOCK_CAPTURE_AUTORELEASING = YES;
				CLANG_WARN_BOOL_CONVERSION = YES;
				CLANG_WARN_COMMA = YES;
				CLANG_WARN_CONSTANT_CONVERSION = YES;
				CLANG_WARN_DEPRECATED_OBJC_IMPLEMENTATIONS = YES;
				CLANG_WARN_DIRECT_OBJC_ISA_USAGE = YES_ERROR;
				CLANG_WARN_DOCUMENTATION_COMMENTS = YES;
				CLANG_WARN_EMPTY_BODY = YES;
				CLANG_WARN_ENUM_CONVERSION = YES;
				CLANG_WARN_INFINITE_RECURSION = YES;
				CLANG_WARN_INT_CONVERSION = YES;
				CLANG_WARN_NON_LITERAL_NULL_CONVERSION = YES;
				CLANG_WARN_OBJC_IMPLICIT_RETAIN_CYCLE = YES;
				CLANG_WARN_OBJC_LITERAL_CONVERSION = YES;
				CLANG_WARN_OBJC_ROOT_CLASS = YES_ERROR;
				CLANG_WARN_QUOTED_INCLUDE_IN_FRAMEWORK_HEADER = YES;
				CLANG_WARN_RANGE_LOOP_ANALYSIS = YES;
				CLANG_WARN_STRICT_PROTOTYPES = YES;
				CLANG_WARN_SUSPICIOUS_MOVE = YES;
				CLANG_WARN_UNGUARDED_AVAILABILITY = YES_AGGRESSIVE;
				CLANG_WARN_UNREACHABLE_CODE = YES;
				CLANG_WARN__DUPLICATE_METHOD_MATCH = YES;
				COPY_PHASE_STRIP = NO;
				DEBUG_INFORMATION_FORMAT = dwarf;
				ENABLE_STRICT_OBJC_MSGSEND = YES;
				ENABLE_TESTABILITY = YES;
				GCC_C_LANGUAGE_STANDARD = gnu17;
				GCC_DYNAMIC_NO_PIC = NO;
				GCC_NO_COMMON_BLOCKS = YES;
				GCC_OPTIMIZATION_LEVEL = 0;
				GCC_PREPROCESSOR_DEFINITIONS = (
					"DEBUG=1",
					"$(inherited)",
				);
				GCC_WARN_64_TO_32_BIT_CONVERSION = YES;
				GCC_WARN_ABOUT_RETURN_TYPE = YES_ERROR;
				GCC_WARN_UNDECLARED_SELECTOR = YES;
				GCC_WARN_UNINITIALIZED_AUTOS = YES_AGGRESSIVE;
				GCC_WARN_UNUSED_FUNCTION = YES;
				GCC_WARN_UNUSED_VARIABLE = YES;
				MACOSX_DEPLOYMENT_TARGET = 14.0;
				MTL_ENABLE_DEBUG_INFO = INCLUDE_SOURCE;
				MTL_FAST_MATH = YES;
				ONLY_ACTIVE_ARCH = YES;
				SDKROOT = macosx;
				SWIFT_ACTIVE_COMPILATION_CONDITIONS = DEBUG;
				SWIFT_OPTIMIZATION_LEVEL = "-Onone";
			};
			name = Debug;
		};
		AB0001000000000000000063 /* Release */ = {
			isa = XCBuildConfiguration;
			buildSettings = {
				ALWAYS_SEARCH_USER_PATHS = NO;
				CLANG_ANALYZER_NONNULL = YES;
				CLANG_ANALYZER_NUMBER_OBJECT_CONVERSION = YES_AGGRESSIVE;
				CLANG_CXX_LANGUAGE_STANDARD = "gnu++20";
				CLANG_ENABLE_MODULES = YES;
				CLANG_ENABLE_OBJC_ARC = YES;
				CLANG_ENABLE_OBJC_WEAK = YES;
				CLANG_WARN_BLOCK_CAPTURE_AUTORELEASING = YES;
				CLANG_WARN_BOOL_CONVERSION = YES;
				CLANG_WARN_COMMA = YES;
				CLANG_WARN_CONSTANT_CONVERSION = YES;
				CLANG_WARN_DEPRECATED_OBJC_IMPLEMENTATIONS = YES;
				CLANG_WARN_DIRECT_OBJC_ISA_USAGE = YES_ERROR;
				CLANG_WARN_DOCUMENTATION_COMMENTS = YES;
				CLANG_WARN_EMPTY_BODY = YES;
				CLANG_WARN_ENUM_CONVERSION = YES;
				CLANG_WARN_INFINITE_RECURSION = YES;
				CLANG_WARN_INT_CONVERSION = YES;
				CLANG_WARN_NON_LITERAL_NULL_CONVERSION = YES;
				CLANG_WARN_OBJC_IMPLICIT_RETAIN_CYCLE = YES;
				CLANG_WARN_OBJC_LITERAL_CONVERSION = YES;
				CLANG_WARN_OBJC_ROOT_CLASS = YES_ERROR;
				CLANG_WARN_QUOTED_INCLUDE_IN_FRAMEWORK_HEADER = YES;
				CLANG_WARN_RANGE_LOOP_ANALYSIS = YES;
				CLANG_WARN_STRICT_PROTOTYPES = YES;
				CLANG_WARN_SUSPICIOUS_MOVE = YES;
				CLANG_WARN_UNGUARDED_AVAILABILITY = YES_AGGRESSIVE;
				CLANG_WARN_UNREACHABLE_CODE = YES;
				CLANG_WARN__DUPLICATE_METHOD_MATCH = YES;
				COPY_PHASE_STRIP = NO;
				DEBUG_INFORMATION_FORMAT = "dwarf-with-dsym";
				ENABLE_NS_ASSERTIONS = NO;
				ENABLE_STRICT_OBJC_MSGSEND = YES;
				GCC_C_LANGUAGE_STANDARD = gnu17;
				GCC_NO_COMMON_BLOCKS = YES;
				GCC_WARN_64_TO_32_BIT_CONVERSION = YES;
				GCC_WARN_ABOUT_RETURN_TYPE = YES_ERROR;
				GCC_WARN_UNDECLARED_SELECTOR = YES;
				GCC_WARN_UNINITIALIZED_AUTOS = YES_AGGRESSIVE;
				GCC_WARN_UNUSED_FUNCTION = YES;
				GCC_WARN_UNUSED_VARIABLE = YES;
				MACOSX_DEPLOYMENT_TARGET = 14.0;
				MTL_ENABLE_DEBUG_INFO = NO;
				MTL_FAST_MATH = YES;
				SDKROOT = macosx;
				SWIFT_COMPILATION_MODE = wholemodule;
				SWIFT_OPTIMIZATION_LEVEL = "-O";
			};
			name = Release;
		};
/* End XCBuildConfiguration section */

/* Begin XCConfigurationList section */
		AB0001000000000000000074 /* Build configuration list for PBXNativeTarget "AirPlayDrop" */ = {
			isa = XCConfigurationList;
			buildConfigurations = (
				AB0001000000000000000060 /* Debug */,
				AB0001000000000000000061 /* Release */,
			);
			defaultConfigurationIsVisible = 0;
			defaultConfigurationName = Release;
		};
		AB0001000000000000000075 /* Build configuration list for PBXProject "AirPlayDrop" */ = {
			isa = XCConfigurationList;
			buildConfigurations = (
				AB0001000000000000000062 /* Debug */,
				AB0001000000000000000063 /* Release */,
			);
			defaultConfigurationIsVisible = 0;
			defaultConfigurationName = Release;
		};
/* End XCConfigurationList section */

	};
	rootObject = AB0001000000000000000090 /* Project object */;
}
